
Microsoft Visual Studio Solution File, Format Version 12.00
# Visual Studio Version 16
VisualStudioVersion = 16.0.30011.22
MinimumVisualStudioVersion = 10.0.40219.1
Project("{9A19103F-16F7-4668-BE54-9A1E7A4F7556}") = "BugsAway.Web", "BugsAway.Web\BugsAway.Web.csproj", "{C2E70027-F646-4BF5-925F-FBB642A7082A}"
EndProject
Project("{9A19103F-16F7-4668-BE54-9A1E7A4F7556}") = "BugsAway.API", "BugsAway.API\BugsAway.API.csproj", "{1E1A2284-8381-4F4D-9DC7-AB38AAC36F1D}"
EndProject
Project("{9A19103F-16F7-4668-BE54-9A1E7A4F7556}") = "BugsAway.API.Data", "BugsAway.Data\BugsAway.API.Data.csproj", "{E0F359C8-9D11-4F71-93FE-1692053A376C}"
EndProject
Project("{FAE04EC0-301F-11D3-BF4B-00C04F79EFBC}") = "BugsAway.API.Repository", "BugsAway.API.Repository\BugsAway.API.Repository.csproj", "{DB6EA2DB-7669-4DBF-8CA9-E4088983B710}"
EndProject
Global
	GlobalSection(SolutionConfigurationPlatforms) = preSolution
		Debug|Any CPU = Debug|Any CPU
		Release|Any CPU = Release|Any CPU
	EndGlobalSection
	GlobalSection(ProjectConfigurationPlatforms) = postSolution
		{C2E70027-F646-4BF5-925F-FBB642A7082A}.Debug|Any CPU.ActiveCfg = Debug|Any CPU
		{C2E70027-F646-4BF5-925F-FBB642A7082A}.Debug|Any CPU.Build.0 = Debug|Any CPU
		{C2E70027-F646-4BF5-925F-FBB642A7082A}.Release|Any CPU.ActiveCfg = Release|Any CPU
		{C2E70027-F646-4BF5-925F-FBB642A7082A}.Release|Any CPU.Build.0 = Release|Any CPU
		{1E1A2284-8381-4F4D-9DC7-AB38AAC36F1D}.Debug|Any CPU.ActiveCfg = Debug|Any CPU
		{1E1A2284-8381-4F4D-9DC7-AB38AAC36F1D}.Debug|Any CPU.Build.0 = Debug|Any CPU
		{1E1A2284-8381-4F4D-9DC7-AB38AAC36F1D}.Release|Any CPU.ActiveCfg = Release|Any CPU
		{1E1A2284-8381-4F4D-9DC7-AB38AAC36F1D}.Release|Any CPU.Build.0 = Release|Any CPU
		{E0F359C8-9D11-4F71-93FE-1692053A376C}.Debug|Any CPU.ActiveCfg = Debug|Any CPU
		{E0F359C8-9D11-4F71-93FE-1692053A376C}.Debug|Any CPU.Build.0 = Debug|Any CPU
		{E0F359C8-9D11-4F71-93FE-1692053A376C}.Release|Any CPU.ActiveCfg = Release|Any CPU
		{E0F359C8-9D11-4F71-93FE-1692053A376C}.Release|Any CPU.Build.0 = Release|Any CPU
		{DB6EA2DB-7669-4DBF-8CA9-E4088983B710}.Debug|Any CPU.ActiveCfg = Debug|Any CPU
		{DB6EA2DB-7669-4DBF-8CA9-E4088983B710}.Debug|Any CPU.Build.0 = Debug|Any CPU
		{DB6EA2DB-7669-4DBF-8CA9-E4088983B710}.Release|Any CPU.ActiveCfg = Release|Any CPU
		{DB6EA2DB-7669-4DBF-8CA9-E4088983B710}.Release|Any CPU.Build.0 = Release|Any CPU
	EndGlobalSection
	GlobalSection(SolutionProperties) = preSolution
		HideSolutionNode = FALSE
	EndGlobalSection
	GlobalSection(ExtensibilityGlobals) = postSolution
		SolutionGuid = {6874D440-1E9A-4771-85DD-7D8BDD434DE2}
	EndGlobalSection
EndGlobal
